
Microsoft Visual Studio Solution File, Format Version 12.00
# Visual Studio 15
VisualStudioVersion = 15.0.26730.15
MinimumVisualStudioVersion = 10.0.40219.1
Project("{FAE04EC0-301F-11D3-BF4B-00C04F79EFBC}") = "demoPoC.Android", "demoPoC\demoPoC.Android\demoPoC.Android.csproj", "{8C1D2B2F-E448-4746-9B00-9AA0BE242767}"
EndProject
Project("{FAE04EC0-301F-11D3-BF4B-00C04F79EFBC}") = "demoPoC", "demoPoC\demoPoC\demoPoC.csproj", "{603831AA-9085-4359-81AB-9CC32406A05A}"
EndProject
Project("{FAE04EC0-301F-11D3-BF4B-00C04F79EFBC}") = "demoPoC.iOS", "demoPoC\demoPoC.iOS\demoPoC.iOS.csproj", "{BAEE15FC-668C-4827-AF0E-492B35A5D1FB}"
EndProject
Global
	GlobalSection(SolutionConfigurationPlatforms) = preSolution
		Ad-Hoc|Any CPU = Ad-Hoc|Any CPU
		Ad-Hoc|iPhone = Ad-Hoc|iPhone
		Ad-Hoc|iPhoneSimulator = Ad-Hoc|iPhoneSimulator
		AppStore|Any CPU = AppStore|Any CPU
		AppStore|iPhone = AppStore|iPhone
		AppStore|iPhoneSimulator = AppStore|iPhoneSimulator
		Debug|Any CPU = Debug|Any CPU
		Debug|iPhone = Debug|iPhone
		Debug|iPhoneSimulator = Debug|iPhoneSimulator
		Release|Any CPU = Release|Any CPU
		Release|iPhone = Release|iPhone
		Release|iPhoneSimulator = Release|iPhoneSimulator
	EndGlobalSection
	GlobalSection(ProjectConfigurationPlatforms) = postSolution
		{8C1D2B2F-E448-4746-9B00-9AA0BE242767}.Ad-Hoc|Any CPU.ActiveCfg = Release|Any CPU
		{8C1D2B2F-E448-4746-9B00-9AA0BE242767}.Ad-Hoc|Any CPU.Build.0 = Release|Any CPU
		{8C1D2B2F-E448-4746-9B00-9AA0BE242767}.Ad-Hoc|Any CPU.Deploy.0 = Release|Any CPU
		{8C1D2B2F-E448-4746-9B00-9AA0BE242767}.Ad-Hoc|iPhone.ActiveCfg = Release|Any CPU
		{8C1D2B2F-E448-4746-9B00-9AA0BE242767}.Ad-Hoc|iPhone.Build.0 = Release|Any CPU
		{8C1D2B2F-E448-4746-9B00-9AA0BE242767}.Ad-Hoc|iPhone.Deploy.0 = Release|Any CPU
		{8C1D2B2F-E448-4746-9B00-9AA0BE242767}.Ad-Hoc|iPhoneSimulator.ActiveCfg = Release|Any CPU
		{8C1D2B2F-E448-4746-9B00-9AA0BE242767}.Ad-Hoc|iPhoneSimulator.Build.0 = Release|Any CPU
		{8C1D2B2F-E448-4746-9B00-9AA0BE242767}.Ad-Hoc|iPhoneSimulator.Deploy.0 = Release|Any CPU
		{8C1D2B2F-E448-4746-9B00-9AA0BE242767}.AppStore|Any CPU.ActiveCfg = Release|Any CPU
		{8C1D2B2F-E448-4746-9B00-9AA0BE242767}.AppStore|Any CPU.Build.0 = Release|Any CPU
		{8C1D2B2F-E448-4746-9B00-9AA0BE242767}.AppStore|Any CPU.Deploy.0 = Release|Any CPU
		{8C1D2B2F-E448-4746-9B00-9AA0BE242767}.AppStore|iPhone.ActiveCfg = Release|Any CPU
		{8C1D2B2F-E448-4746-9B00-9AA0BE242767}.AppStore|iPhone.Build.0 = Release|Any CPU
		{8C1D2B2F-E448-4746-9B00-9AA0BE242767}.AppStore|iPhone.Deploy.0 = Release|Any CPU
		{8C1D2B2F-E448-4746-9B00-9AA0BE242767}.AppStore|iPhoneSimulator.ActiveCfg = Release|Any CPU
		{8C1D2B2F-E448-4746-9B00-9AA0BE242767}.AppStore|iPhoneSimulator.Build.0 = Release|Any CPU
		{8C1D2B2F-E448-4746-9B00-9AA0BE242767}.AppStore|iPhoneSimulator.Deploy.0 = Release|Any CPU
		{8C1D2B2F-E448-4746-9B00-9AA0BE242767}.Debug|Any CPU.ActiveCfg = Debug|Any CPU
		{8C1D2B2F-E448-4746-9B00-9AA0BE242767}.Debug|Any CPU.Build.0 = Debug|Any CPU
		{8C1D2B2F-E448-4746-9B00-9AA0BE242767}.Debug|Any CPU.Deploy.0 = Debug|Any CPU
		{8C1D2B2F-E448-4746-9B00-9AA0BE242767}.Debug|iPhone.ActiveCfg = Debug|Any CPU
		{8C1D2B2F-E448-4746-9B00-9AA0BE242767}.Debug|iPhone.Build.0 = Debug|Any CPU
		{8C1D2B2F-E448-4746-9B00-9AA0BE242767}.Debug|iPhone.Deploy.0 = Debug|Any CPU
		{8C1D2B2F-E448-4746-9B00-9AA0BE242767}.Debug|iPhoneSimulator.ActiveCfg = Debug|Any CPU
		{8C1D2B2F-E448-4746-9B00-9AA0BE242767}.Debug|iPhoneSimulator.Build.0 = Debug|Any CPU
		{8C1D2B2F-E448-4746-9B00-9AA0BE242767}.Debug|iPhoneSimulator.Deploy.0 = Debug|Any CPU
		{8C1D2B2F-E448-4746-9B00-9AA0BE242767}.Release|Any CPU.ActiveCfg = Release|Any CPU
		{8C1D2B2F-E448-4746-9B00-9AA0BE242767}.Release|Any CPU.Build.0 = Release|Any CPU
		{8C1D2B2F-E448-4746-9B00-9AA0BE242767}.Release|Any CPU.Deploy.0 = Release|Any CPU
		{8C1D2B2F-E448-4746-9B00-9AA0BE242767}.Release|iPhone.ActiveCfg = Release|Any CPU
		{8C1D2B2F-E448-4746-9B00-9AA0BE242767}.Release|iPhone.Build.0 = Release|Any CPU
		{8C1D2B2F-E448-4746-9B00-9AA0BE242767}.Release|iPhone.Deploy.0 = Release|Any CPU
		{8C1D2B2F-E448-4746-9B00-9AA0BE242767}.Release|iPhoneSimulator.ActiveCfg = Release|Any CPU
		{8C1D2B2F-E448-4746-9B00-9AA0BE242767}.Release|iPhoneSimulator.Build.0 = Release|Any CPU
		{8C1D2B2F-E448-4746-9B00-9AA0BE242767}.Release|iPhoneSimulator.Deploy.0 = Release|Any CPU
		{603831AA-9085-4359-81AB-9CC32406A05A}.Ad-Hoc|Any CPU.ActiveCfg = Release|Any CPU
		{603831AA-9085-4359-81AB-9CC32406A05A}.Ad-Hoc|Any CPU.Build.0 = Release|Any CPU
		{603831AA-9085-4359-81AB-9CC32406A05A}.Ad-Hoc|iPhone.ActiveCfg = Release|Any CPU
		{603831AA-9085-4359-81AB-9CC32406A05A}.Ad-Hoc|iPhone.Build.0 = Release|Any CPU
		{603831AA-9085-4359-81AB-9CC32406A05A}.Ad-Hoc|iPhoneSimulator.ActiveCfg = Release|Any CPU
		{603831AA-9085-4359-81AB-9CC32406A05A}.Ad-Hoc|iPhoneSimulator.Build.0 = Release|Any CPU
		{603831AA-9085-4359-81AB-9CC32406A05A}.AppStore|Any CPU.ActiveCfg = Release|Any CPU
		{603831AA-9085-4359-81AB-9CC32406A05A}.AppStore|Any CPU.Build.0 = Release|Any CPU
		{603831AA-9085-4359-81AB-9CC32406A05A}.AppStore|iPhone.ActiveCfg = Release|Any CPU
		{603831AA-9085-4359-81AB-9CC32406A05A}.AppStore|iPhone.Build.0 = Release|Any CPU
		{603831AA-9085-4359-81AB-9CC32406A05A}.AppStore|iPhoneSimulator.ActiveCfg = Release|Any CPU
		{603831AA-9085-4359-81AB-9CC32406A05A}.AppStore|iPhoneSimulator.Build.0 = Release|Any CPU
		{603831AA-9085-4359-81AB-9CC32406A05A}.Debug|Any CPU.ActiveCfg = Debug|Any CPU
		{603831AA-9085-4359-81AB-9CC32406A05A}.Debug|Any CPU.Build.0 = Debug|Any CPU
		{603831AA-9085-4359-81AB-9CC32406A05A}.Debug|iPhone.ActiveCfg = Debug|Any CPU
		{603831AA-9085-4359-81AB-9CC32406A05A}.Debug|iPhone.Build.0 = Debug|Any CPU
		{603831AA-9085-4359-81AB-9CC32406A05A}.Debug|iPhoneSimulator.ActiveCfg = Debug|Any CPU
		{603831AA-9085-4359-81AB-9CC32406A05A}.Debug|iPhoneSimulator.Build.0 = Debug|Any CPU
		{603831AA-9085-4359-81AB-9CC32406A05A}.Release|Any CPU.ActiveCfg = Release|Any CPU
		{603831AA-9085-4359-81AB-9CC32406A05A}.Release|Any CPU.Build.0 = Release|Any CPU
		{603831AA-9085-4359-81AB-9CC32406A05A}.Release|iPhone.ActiveCfg = Release|Any CPU
		{603831AA-9085-4359-81AB-9CC32406A05A}.Release|iPhone.Build.0 = Release|Any CPU
		{603831AA-9085-4359-81AB-9CC32406A05A}.Release|iPhoneSimulator.ActiveCfg = Release|Any CPU
		{603831AA-9085-4359-81AB-9CC32406A05A}.Release|iPhoneSimulator.Build.0 = Release|Any CPU
		{BAEE15FC-668C-4827-AF0E-492B35A5D1FB}.Ad-Hoc|Any CPU.ActiveCfg = Ad-Hoc|iPhone
		{BAEE15FC-668C-4827-AF0E-492B35A5D1FB}.Ad-Hoc|iPhone.ActiveCfg = Ad-Hoc|iPhone
		{BAEE15FC-668C-4827-AF0E-492B35A5D1FB}.Ad-Hoc|iPhone.Build.0 = Ad-Hoc|iPhone
		{BAEE15FC-668C-4827-AF0E-492B35A5D1FB}.Ad-Hoc|iPhoneSimulator.ActiveCfg = Ad-Hoc|iPhoneSimulator
		{BAEE15FC-668C-4827-AF0E-492B35A5D1FB}.Ad-Hoc|iPhoneSimulator.Build.0 = Ad-Hoc|iPhoneSimulator
		{BAEE15FC-668C-4827-AF0E-492B35A5D1FB}.AppStore|Any CPU.ActiveCfg = AppStore|iPhone
		{BAEE15FC-668C-4827-AF0E-492B35A5D1FB}.AppStore|iPhone.ActiveCfg = AppStore|iPhone
		{BAEE15FC-668C-4827-AF0E-492B35A5D1FB}.AppStore|iPhone.Build.0 = AppStore|iPhone
		{BAEE15FC-668C-4827-AF0E-492B35A5D1FB}.AppStore|iPhoneSimulator.ActiveCfg = AppStore|iPhoneSimulator
		{BAEE15FC-668C-4827-AF0E-492B35A5D1FB}.AppStore|iPhoneSimulator.Build.0 = AppStore|iPhoneSimulator
		{BAEE15FC-668C-4827-AF0E-492B35A5D1FB}.Debug|Any CPU.ActiveCfg = Debug|iPhone
		{BAEE15FC-668C-4827-AF0E-492B35A5D1FB}.Debug|iPhone.ActiveCfg = Debug|iPhone
		{BAEE15FC-668C-4827-AF0E-492B35A5D1FB}.Debug|iPhone.Build.0 = Debug|iPhone
		{BAEE15FC-668C-4827-AF0E-492B35A5D1FB}.Debug|iPhoneSimulator.ActiveCfg = Debug|iPhoneSimulator
		{BAEE15FC-668C-4827-AF0E-492B35A5D1FB}.Debug|iPhoneSimulator.Build.0 = Debug|iPhoneSimulator
		{BAEE15FC-668C-4827-AF0E-492B35A5D1FB}.Release|Any CPU.ActiveCfg = Release|iPhone
		{BAEE15FC-668C-4827-AF0E-492B35A5D1FB}.Release|iPhone.ActiveCfg = Release|iPhone
		{BAEE15FC-668C-4827-AF0E-492B35A5D1FB}.Release|iPhone.Build.0 = Release|iPhone
		{BAEE15FC-668C-4827-AF0E-492B35A5D1FB}.Release|iPhoneSimulator.ActiveCfg = Release|iPhoneSimulator
		{BAEE15FC-668C-4827-AF0E-492B35A5D1FB}.Release|iPhoneSimulator.Build.0 = Release|iPhoneSimulator
	EndGlobalSection
	GlobalSection(SolutionProperties) = preSolution
		HideSolutionNode = FALSE
	EndGlobalSection
	GlobalSection(ExtensibilityGlobals) = postSolution
		SolutionGuid = {E8D144C1-FE08-4825-A0E6-9D9D52EBE297}
	EndGlobalSection
EndGlobal
